// !$*UTF8*$!
{
	archiveVersion = 1;
	classes = {
	};
	objectVersion = 56;
	objects = {

/* Begin PBXBuildFile section */
		D42950D22A63C74F002F03DD /* CowsAndBullsApp.swift in Sources */ = {isa = PBXBuildFile; fileRef = D42950D12A63C74F002F03DD /* CowsAndBullsApp.swift */; };
		D42950D42A63C74F002F03DD /* ContentView.swift in Sources */ = {isa = PBXBuildFile; fileRef = D42950D32A63C74F002F03DD /* ContentView.swift */; };
		D42950D62A63C750002F03DD /* Assets.xcassets in Resources */ = {isa = PBXBuildFile; fileRef = D42950D52A63C750002F03DD /* Assets.xcassets */; };
		D42950D92A63C750002F03DD /* Preview Assets.xcassets in Resources */ = {isa = PBXBuildFile; fileRef = D42950D82A63C750002F03DD /* Preview Assets.xcassets */; };
		D42950E32A63D70F002F03DD /* SettingsView.swift in Sources */ = {isa = PBXBuildFile; fileRef = D42950E22A63D70F002F03DD /* SettingsView.swift */; };
		D42950E52A63E0C0002F03DD /* Credits.rtf in Resources */ = {isa = PBXBuildFile; fileRef = D42950E42A63E0C0002F03DD /* Credits.rtf */; };
/* End PBXBuildFile section */

/* Begin PBXFileReference section */
		D42950CE2A63C74F002F03DD /* Extension_CowsAndBulls.app */ = {isa = PBXFileReference; explicitFileType = wrapper.application; includeInIndex = 0; path = Extension_CowsAndBulls.app; sourceTree = BUILT_PRODUCTS_DIR; };
		D42950D12A63C74F002F03DD /* CowsAndBullsApp.swift */ = {isa = PBXFileReference; lastKnownFileType = sourcecode.swift; path = CowsAndBullsApp.swift; sourceTree = "<group>"; };
		D42950D32A63C74F002F03DD /* ContentView.swift */ = {isa = PBXFileReference; lastKnownFileType = sourcecode.swift; path = ContentView.swift; sourceTree = "<group>"; };
		D42950D52A63C750002F03DD /* Assets.xcassets */ = {isa = PBXFileReference; lastKnownFileType = folder.assetcatalog; path = Assets.xcassets; sourceTree = "<group>"; };
		D42950D82A63C750002F03DD /* Preview Assets.xcassets */ = {isa = PBXFileReference; lastKnownFileType = folder.assetcatalog; path = "Preview Assets.xcassets"; sourceTree = "<group>"; };
		D42950DA2A63C750002F03DD /* CowsAndBulls.entitlements */ = {isa = PBXFileReference; lastKnownFileType = text.plist.entitlements; path = CowsAndBulls.entitlements; sourceTree = "<group>"; };
		D42950E22A63D70F002F03DD /* SettingsView.swift */ = {isa = PBXFileReference; lastKnownFileType = sourcecode.swift; path = SettingsView.swift; sourceTree = "<group>"; };
		D42950E42A63E0C0002F03DD /* Credits.rtf */ = {isa = PBXFileReference; lastKnownFileType = text.rtf; path = Credits.rtf; sourceTree = "<group>"; };
/* End PBXFileReference section */

/* Begin PBXFrameworksBuildPhase section */
		D42950CB2A63C74F002F03DD /* Frameworks */ = {
			isa = PBXFrameworksBuildPhase;
			buildActionMask = 2147483647;
			files = (
			);
			runOnlyForDeploymentPostprocessing = 0;
		};
/* End PBXFrameworksBuildPhase section */

/* Begin PBXGroup section */
		D42950C52A63C74F002F03DD = {
			isa = PBXGroup;
			children = (
				D42950D02A63C74F002F03DD /* CowsAndBulls */,
				D42950CF2A63C74F002F03DD /* Products */,
			);
			sourceTree = "<group>";
		};
		D42950CF2A63C74F002F03DD /* Products */ = {
			isa = PBXGroup;
			children = (
				D42950CE2A63C74F002F03DD /* Extension_CowsAndBulls.app */,
			);
			name = Products;
			sourceTree = "<group>";
		};
		D42950D02A63C74F002F03DD /* CowsAndBulls */ = {
			isa = PBXGroup;
			children = (
				D42950E22A63D70F002F03DD /* SettingsView.swift */,
				D42950D12A63C74F002F03DD /* CowsAndBullsApp.swift */,
				D42950D32A63C74F002F03DD /* ContentView.swift */,
				D42950D52A63C750002F03DD /* Assets.xcassets */,
				D42950DA2A63C750002F03DD /* CowsAndBulls.entitlements */,
				D42950D72A63C750002F03DD /* Preview Content */,
				D42950E42A63E0C0002F03DD /* Credits.rtf */,
			);
			path = CowsAndBulls;
			sourceTree = "<group>";
		};
		D42950D72A63C750002F03DD /* Preview Content */ = {
			isa = PBXGroup;
			children = (
				D42950D82A63C750002F03DD /* Preview Assets.xcassets */,
			);
			path = "Preview Content";
			sourceTree = "<group>";
		};
/* End PBXGroup section */

/* Begin PBXNativeTarget section */
		D42950CD2A63C74F002F03DD /* Extension_CowsAndBulls */ = {
			isa = PBXNativeTarget;
			buildConfigurationList = D42950DD2A63C750002F03DD /* Build configuration list for PBXNativeTarget "Extension_CowsAndBulls" */;
			buildPhases = (
				D42950CA2A63C74F002F03DD /* Sources */,
				D42950CB2A63C74F002F03DD /* Frameworks */,
				D42950CC2A63C74F002F03DD /* Resources */,
			);
			buildRules = (
			);
			dependencies = (
			);
			name = Extension_CowsAndBulls;
			productName = CowsAndBulls;
			productReference = D42950CE2A63C74F002F03DD /* Extension_CowsAndBulls.app */;
			productType = "com.apple.product-type.application";
		};
/* End PBXNativeTarget section */

/* Begin PBXProject section */
		D42950C62A63C74F002F03DD /* Project object */ = {
			isa = PBXProject;
			attributes = {
				BuildIndependentTargetsInParallel = 1;
				LastSwiftUpdateCheck = 1420;
				LastUpgradeCheck = 1420;
				TargetAttributes = {
					D42950CD2A63C74F002F03DD = {
						CreatedOnToolsVersion = 14.2;
					};
				};
			};
			buildConfigurationList = D42950C92A63C74F002F03DD /* Build configuration list for PBXProject "Extension_CowsAndBulls" */;
			compatibilityVersion = "Xcode 14.0";
			developmentRegion = en;
			hasScannedForEncodings = 0;
			knownRegions = (
				en,
				Base,
			);
			mainGroup = D42950C52A63C74F002F03DD;
			productRefGroup = D42950CF2A63C74F002F03DD /* Products */;
			projectDirPath = "";
			projectRoot = "";
			targets = (
				D42950CD2A63C74F002F03DD /* Extension_CowsAndBulls */,
			);
		};
/* End PBXProject section */

/* Begin PBXResourcesBuildPhase section */
		D42950CC2A63C74F002F03DD /* Resources */ = {
			isa = PBXResourcesBuildPhase;
			buildActionMask = 2147483647;
			files = (
				D42950D92A63C750002F03DD /* Preview Assets.xcassets in Resources */,
				D42950E52A63E0C0002F03DD /* Credits.rtf in Resources */,
				D42950D62A63C750002F03DD /* Assets.xcassets in Resources */,
			);
			runOnlyForDeploymentPostprocessing = 0;
		};
/* End PBXResourcesBuildPhase section */

/* Begin PBXSourcesBuildPhase section */
		D42950CA2A63C74F002F03DD /* Sources */ = {
			isa = PBXSourcesBuildPhase;
			buildActionMask = 2147483647;
			files = (
				D42950E32A63D70F002F03DD /* SettingsView.swift in Sources */,
				D42950D42A63C74F002F03DD /* ContentView.swift in Sources */,
				D42950D22A63C74F002F03DD /* CowsAndBullsApp.swift in Sources */,
			);
			runOnlyForDeploymentPostprocessing = 0;
		};
/* End PBXSourcesBuildPhase section */

/* Begin XCBuildConfiguration section */
		D42950DB2A63C750002F03DD /* Debug */ = {
			isa = XCBuildConfiguration;
			buildSettings = {
				ALWAYS_SEARCH_USER_PATHS = NO;
				CLANG_ANALYZER_NONNULL = YES;
				CLANG_ANALYZER_NUMBER_OBJECT_CONVERSION = YES_AGGRESSIVE;
				CLANG_CXX_LANGUAGE_STANDARD = "gnu++20";
				CLANG_ENABLE_MODULES = YES;
				CLANG_ENABLE_OBJC_ARC = YES;
				CLANG_ENABLE_OBJC_WEAK = YES;
				CLANG_WARN_BLOCK_CAPTURE_AUTORELEASING = YES;
				CLANG_WARN_BOOL_CONVERSION = YES;
				CLANG_WARN_COMMA = YES;
				CLANG_WARN_CONSTANT_CONVERSION = YES;
				CLANG_WARN_DEPRECATED_OBJC_IMPLEMENTATIONS = YES;
				CLANG_WARN_DIRECT_OBJC_ISA_USAGE = YES_ERROR;
				CLANG_WARN_DOCUMENTATION_COMMENTS = YES;
				CLANG_WARN_EMPTY_BODY = YES;
				CLANG_WARN_ENUM_CONVERSION = YES;
				CLANG_WARN_INFINITE_RECURSION = YES;
				CLANG_WARN_INT_CONVERSION = YES;
				CLANG_WARN_NON_LITERAL_NULL_CONVERSION = YES;
				CLANG_WARN_OBJC_IMPLICIT_RETAIN_SELF = YES;
				CLANG_WARN_OBJC_LITERAL_CONVERSION = YES;
				CLANG_WARN_OBJC_ROOT_CLASS = YES_ERROR;
				CLANG_WARN_QUOTED_INCLUDE_IN_FRAMEWORK_HEADER = YES;
				CLANG_WARN_RANGE_LOOP_ANALYSIS = YES;
				CLANG_WARN_STRICT_PROTOTYPES = YES;
				CLANG_WARN_SUSPICIOUS_MOVE = YES;
				CLANG_WARN_UNGUARDED_AVAILABILITY = YES_AGGRESSIVE;
				CLANG_WARN_UNREACHABLE_CODE = YES;
				CLANG_WARN__DUPLICATE_METHOD_MATCH = YES;
				COPY_PHASE_STRIP = NO;
				DEBUG_INFORMATION_FORMAT = dwarf;
				ENABLE_STRICT_OBJC_MSGSEND = YES;
				ENABLE_TESTABILITY = YES;
				GCC_C_LANGUAGE_STANDARD = gnu11;
				GCC_DYNAMIC_NO_PIC = NO;
				GCC_NO_COMMON_BLOCKS = YES;
				GCC_OPTIMIZATION_LEVEL = 0;
				GCC_PREPROCESSOR_DEFINITIONS = (
					"DEBUG=1",
					"$(inherited)",
				);
				GCC_WARN_64_TO_32_BIT_CONVERSION = YES;
				GCC_WARN_ABOUT_RETURN_TYPE = YES_ERROR;
				GCC_WARN_UNDECLARED_SELECTOR = YES;
				GCC_WARN_UNINITIALIZED_AUTOS = YES_AGGRESSIVE;
				GCC_WARN_UNUSED_FUNCTION = YES;
				GCC_WARN_UNUSED_VARIABLE = YES;
				MACOSX_DEPLOYMENT_TARGET = 13.1;
				MTL_ENABLE_DEBUG_INFO = INCLUDE_SOURCE;
				MTL_FAST_MATH = YES;
				ONLY_ACTIVE_ARCH = YES;
				SDKROOT = macosx;
				SWIFT_ACTIVE_COMPILATION_CONDITIONS = DEBUG;
				SWIFT_OPTIMIZATION_LEVEL = "-Onone";
			};
			name = Debug;
		};
		D42950DC2A63C750002F03DD /* Release */ = {
			isa = XCBuildConfiguration;
			buildSettings = {
				ALWAYS_SEARCH_USER_PATHS = NO;
				CLANG_ANALYZER_NONNULL = YES;
				CLANG_ANALYZER_NUMBER_OBJECT_CONVERSION = YES_AGGRESSIVE;
				CLANG_CXX_LANGUAGE_STANDARD = "gnu++20";
				CLANG_ENABLE_MODULES = YES;
				CLANG_ENABLE_OBJC_ARC = YES;
				CLANG_ENABLE_OBJC_WEAK = YES;
				CLANG_WARN_BLOCK_CAPTURE_AUTORELEASING = YES;
				CLANG_WARN_BOOL_CONVERSION = YES;
				CLANG_WARN_COMMA = YES;
				CLANG_WARN_CONSTANT_CONVERSION = YES;
				CLANG_WARN_DEPRECATED_OBJC_IMPLEMENTATIONS = YES;
				CLANG_WARN_DIRECT_OBJC_ISA_USAGE = YES_ERROR;
				CLANG_WARN_DOCUMENTATION_COMMENTS = YES;
				CLANG_WARN_EMPTY_BODY = YES;
				CLANG_WARN_ENUM_CONVERSION = YES;
				CLANG_WARN_INFINITE_RECURSION = YES;
				CLANG_WARN_INT_CONVERSION = YES;
				CLANG_WARN_NON_LITERAL_NULL_CONVERSION = YES;
				CLANG_WARN_OBJC_IMPLICIT_RETAIN_SELF = YES;
				CLANG_WARN_OBJC_LITERAL_CONVERSION = YES;
				CLANG_WARN_OBJC_ROOT_CLASS = YES_ERROR;
				CLANG_WARN_QUOTED_INCLUDE_IN_FRAMEWORK_HEADER = YES;
				CLANG_WARN_RANGE_LOOP_ANALYSIS = YES;
				CLANG_WARN_STRICT_PROTOTYPES = YES;
				CLANG_WARN_SUSPICIOUS_MOVE = YES;
				CLANG_WARN_UNGUARDED_AVAILABILITY = YES_AGGRESSIVE;
				CLANG_WARN_UNREACHABLE_CODE = YES;
				CLANG_WARN__DUPLICATE_METHOD_MATCH = YES;
				COPY_PHASE_STRIP = NO;
				DEBUG_INFORMATION_FORMAT = "dwarf-with-dsym";
				ENABLE_NS_ASSERTIONS = NO;
				ENABLE_STRICT_OBJC_MSGSEND = YES;
				GCC_C_LANGUAGE_STANDARD = gnu11;
				GCC_NO_COMMON_BLOCKS = YES;
				GCC_WARN_64_TO_32_BIT_CONVERSION = YES;
				GCC_WARN_ABOUT_RETURN_TYPE = YES_ERROR;
				GCC_WARN_UNDECLARED_SELECTOR = YES;
				GCC_WARN_UNINITIALIZED_AUTOS = YES_AGGRESSIVE;
				GCC_WARN_UNUSED_FUNCTION = YES;
				GCC_WARN_UNUSED_VARIABLE = YES;
				MACOSX_DEPLOYMENT_TARGET = 13.1;
				MTL_ENABLE_DEBUG_INFO = NO;
				MTL_FAST_MATH = YES;
				SDKROOT = macosx;
				SWIFT_COMPILATION_MODE = wholemodule;
				SWIFT_OPTIMIZATION_LEVEL = "-O";
			};
			name = Release;
		};
		D42950DE2A63C750002F03DD /* Debug */ = {
			isa = XCBuildConfiguration;
			buildSettings = {
				ASSETCATALOG_COMPILER_APPICON_NAME = AppIcon;
				ASSETCATALOG_COMPILER_GLOBAL_ACCENT_COLOR_NAME = AccentColor;
				CODE_SIGN_ENTITLEMENTS = CowsAndBulls/CowsAndBulls.entitlements;
				CODE_SIGN_STYLE = Automatic;
				COMBINE_HIDPI_IMAGES = YES;
				CURRENT_PROJECT_VERSION = 1;
				DEVELOPMENT_ASSET_PATHS = "\"CowsAndBulls/Preview Content\"";
				ENABLE_PREVIEWS = YES;
				GENERATE_INFOPLIST_FILE = YES;
				INFOPLIST_KEY_NSHumanReadableCopyright = "";
				LD_RUNPATH_SEARCH_PATHS = (
					"$(inherited)",
					"@executable_path/../Frameworks",
				);
				MARKETING_VERSION = 1.0;
				PRODUCT_BUNDLE_IDENTIFIER = Personal.CowsAndBulls;
				PRODUCT_NAME = "$(TARGET_NAME)";
				SWIFT_EMIT_LOC_STRINGS = YES;
				SWIFT_VERSION = 5.0;
			};
			name = Debug;
		};
		D42950DF2A63C750002F03DD /* Release */ = {
			isa = XCBuildConfiguration;
			buildSettings = {
				ASSETCATALOG_COMPILER_APPICON_NAME = AppIcon;
				ASSETCATALOG_COMPILER_GLOBAL_ACCENT_COLOR_NAME = AccentColor;
				CODE_SIGN_ENTITLEMENTS = CowsAndBulls/CowsAndBulls.entitlements;
				CODE_SIGN_STYLE = Automatic;
				COMBINE_HIDPI_IMAGES = YES;
				CURRENT_PROJECT_VERSION = 1;
				DEVELOPMENT_ASSET_PATHS = "\"CowsAndBulls/Preview Content\"";
				ENABLE_PREVIEWS = YES;
				GENERATE_INFOPLIST_FILE = YES;
				INFOPLIST_KEY_NSHumanReadableCopyright = "";
				LD_RUNPATH_SEARCH_PATHS = (
					"$(inherited)",
					"@executable_path/../Frameworks",
				);
				MARKETING_VERSION = 1.0;
				PRODUCT_BUNDLE_IDENTIFIER = Personal.CowsAndBulls;
				PRODUCT_NAME = "$(TARGET_NAME)";
				SWIFT_EMIT_LOC_STRINGS = YES;
				SWIFT_VERSION = 5.0;
			};
			name = Release;
		};
/* End XCBuildConfiguration section */

/* Begin XCConfigurationList section */
		D42950C92A63C74F002F03DD /* Build configuration list for PBXProject "Extension_CowsAndBulls" */ = {
			isa = XCConfigurationList;
			buildConfigurations = (
				D42950DB2A63C750002F03DD /* Debug */,
				D42950DC2A63C750002F03DD /* Release */,
			);
			defaultConfigurationIsVisible = 0;
			defaultConfigurationName = Release;
		};
		D42950DD2A63C750002F03DD /* Build configuration list for PBXNativeTarget "Extension_CowsAndBulls" */ = {
			isa = XCConfigurationList;
			buildConfigurations = (
				D42950DE2A63C750002F03DD /* Debug */,
				D42950DF2A63C750002F03DD /* Release */,
			);
			defaultConfigurationIsVisible = 0;
			defaultConfigurationName = Release;
		};
/* End XCConfigurationList section */
	};
	rootObject = D42950C62A63C74F002F03DD /* Project object */;
}
